{
  "version": "0.0.1",
  "dependencies": {
    "bcryptjs": {
      "version": "2.0.2",
      "from": "bcryptjs@x.x",
      "resolved": "https://registry.npmjs.org/bcryptjs/-/bcryptjs-2.0.2.tgz"
    },
    "co": {
      "version": "3.0.6",
      "from": "co@x.x"
    },
    "co-body": {
      "version": "0.0.2",
      "from": "co-body@x.x",
      "dependencies": {
        "qs": {
          "version": "0.6.6",
          "from": "qs@~0.6.6"
        },
        "raw-body": {
          "version": "1.1.7",
          "from": "raw-body@~1.1.1",
          "dependencies": {
            "bytes": {
              "version": "1.0.0",
              "from": "bytes@1"
            },
            "string_decoder": {
              "version": "0.10.25-1",
              "from": "string_decoder@0.10"
            }
          }
        }
      }
    },
    "co-busboy": {
      "version": "1.0.2",
      "from": "co-busboy@x.x",
      "dependencies": {
        "busboy": {
          "version": "0.2.8",
          "from": "busboy@~0.2.3",
          "resolved": "https://registry.npmjs.org/busboy/-/busboy-0.2.8.tgz",
          "dependencies": {
            "dicer": {
              "version": "0.2.3",
              "from": "dicer@0.2.3",
              "resolved": "https://registry.npmjs.org/dicer/-/dicer-0.2.3.tgz",
              "dependencies": {
                "streamsearch": {
                  "version": "0.1.2",
                  "from": "streamsearch@0.1.2",
                  "resolved": "https://registry.npmjs.org/streamsearch/-/streamsearch-0.1.2.tgz"
                }
              }
            },
            "readable-stream": {
              "version": "1.1.13-1",
              "from": "readable-stream@1.1.x",
              "dependencies": {
                "core-util-is": {
                  "version": "1.0.1",
                  "from": "core-util-is@~1.0.0"
                },
                "isarray": {
                  "version": "0.0.1",
                  "from": "isarray@0.0.1",
                  "resolved": "https://registry.npmjs.org/isarray/-/isarray-0.0.1.tgz"
                },
                "string_decoder": {
                  "version": "0.10.25-1",
                  "from": "string_decoder@~0.10.x"
                },
                "inherits": {
                  "version": "2.0.1",
                  "from": "inherits@~2.0.1"
                }
              }
            }
          }
        },
        "chan": {
          "version": "0.3.0",
          "from": "chan@~0.3.0"
        }
      }
    },
    "co-fs": {
      "version": "1.2.0",
      "from": "co-fs@x.x",
      "dependencies": {
        "thunkify": {
          "version": "0.0.1",
          "from": "thunkify@0.0.1",
          "resolved": "https://registry.npmjs.org/thunkify/-/thunkify-0.0.1.tgz"
        },
        "co-from-stream": {
          "version": "0.0.0",
          "from": "co-from-stream@0.0.0",
          "resolved": "https://registry.npmjs.org/co-from-stream/-/co-from-stream-0.0.0.tgz",
          "dependencies": {
            "co-read": {
              "version": "0.0.1",
              "from": "co-read@0.0.1",
              "resolved": "https://registry.npmjs.org/co-read/-/co-read-0.0.1.tgz"
            }
          }
        }
      }
    },
    "co-views": {
      "version": "0.2.0",
      "from": "co-views@x.x",
      "dependencies": {
        "debug": {
          "version": "1.0.4",
          "from": "debug@^1.0.2",
          "resolved": "https://registry.npmjs.org/debug/-/debug-1.0.4.tgz",
          "dependencies": {
            "ms": {
              "version": "0.6.2",
              "from": "ms@0.6.2",
              "resolved": "https://registry.npmjs.org/ms/-/ms-0.6.2.tgz"
            }
          }
        },
        "co-render": {
          "version": "0.0.1",
          "from": "co-render@0.0.1",
          "resolved": "https://registry.npmjs.org/co-render/-/co-render-0.0.1.tgz",
          "dependencies": {
            "consolidate": {
              "version": "0.9.1",
              "from": "consolidate@~0.9.1"
            }
          }
        }
      }
    },
    "koa": {
      "version": "0.8.1",
      "from": "koa@x.x",
      "dependencies": {
        "escape-html": {
          "version": "1.0.1",
          "from": "escape-html@~1.0.1"
        },
        "statuses": {
          "version": "1.0.3",
          "from": "statuses@~1.0.1"
        },
        "accepts": {
          "version": "1.0.7",
          "from": "accepts@~1.0.0",
          "dependencies": {
            "negotiator": {
              "version": "0.4.7",
              "from": "negotiator@0.4.7",
              "resolved": "https://registry.npmjs.org/negotiator/-/negotiator-0.4.7.tgz"
            }
          }
        },
        "type-is": {
          "version": "1.3.2",
          "from": "type-is@~1.3.1",
          "dependencies": {
            "media-typer": {
              "version": "0.2.0",
              "from": "media-typer@0.2.0",
              "resolved": "https://registry.npmjs.org/media-typer/-/media-typer-0.2.0.tgz"
            }
          }
        },
        "mime-types": {
          "version": "1.0.1",
          "from": "mime-types@~1.0.1"
        },
        "finished": {
          "version": "1.2.2",
          "from": "finished@~1.2.0",
          "dependencies": {
            "ee-first": {
              "version": "1.0.3",
              "from": "ee-first@1.0.3",
              "resolved": "https://registry.npmjs.org/ee-first/-/ee-first-1.0.3.tgz"
            }
          }
        },
        "debug": {
          "version": "1.0.4",
          "from": "debug@^1.0.2",
          "resolved": "https://registry.npmjs.org/debug/-/debug-1.0.4.tgz",
          "dependencies": {
            "ms": {
              "version": "0.6.2",
              "from": "ms@0.6.2",
              "resolved": "https://registry.npmjs.org/ms/-/ms-0.6.2.tgz"
            }
          }
        },
        "fresh": {
          "version": "0.2.2",
          "from": "fresh@~0.2.1"
        },
        "koa-compose": {
          "version": "2.3.0",
          "from": "koa-compose@^2.3.0"
        },
        "koa-is-json": {
          "version": "1.0.0",
          "from": "koa-is-json@~1.0.0"
        },
        "cookies": {
          "version": "0.4.1",
          "from": "cookies@~0.4.0",
          "dependencies": {
            "keygrip": {
              "version": "1.0.1",
              "from": "keygrip@~1.0.0"
            }
          }
        },
        "delegates": {
          "version": "0.0.3",
          "from": "delegates@0.0.3",
          "resolved": "https://registry.npmjs.org/delegates/-/delegates-0.0.3.tgz"
        },
        "dethroy": {
          "version": "1.0.1",
          "from": "dethroy@~1.0.0"
        },
        "error-inject": {
          "version": "1.0.0",
          "from": "error-inject@~1.0.0"
        },
        "vary": {
          "version": "0.1.0",
          "from": "vary@~0.1.0"
        },
        "only": {
          "version": "0.0.2",
          "from": "only@0.0.2",
          "resolved": "https://registry.npmjs.org/only/-/only-0.0.2.tgz"
        }
      }
    },
    "koa-json-response": {
      "version": "0.0.2",
      "from": "koa-json-response@x.x"
    },
    "koa-logger": {
      "version": "1.2.2",
      "from": "koa-logger@x.x",
      "dependencies": {
        "passthrough-counter": {
          "version": "0.0.1",
          "from": "passthrough-counter@~0.0.1"
        },
        "humanize-number": {
          "version": "0.0.2",
          "from": "humanize-number@~0.0.1"
        },
        "bytes": {
          "version": "1.0.0",
          "from": "bytes@1"
        }
      }
    },
    "koa-route": {
      "version": "1.1.4",
      "from": "koa-route@x.x",
      "dependencies": {
        "path-to-regexp": {
          "version": "0.1.3",
          "from": "path-to-regexp@~0.1.2"
        },
        "methods": {
          "version": "0.1.0",
          "from": "methods@~0.1.0"
        },
        "debug": {
          "version": "1.0.4",
          "from": "debug@^1.0.2",
          "resolved": "https://registry.npmjs.org/debug/-/debug-1.0.4.tgz",
          "dependencies": {
            "ms": {
              "version": "0.6.2",
              "from": "ms@0.6.2",
              "resolved": "https://registry.npmjs.org/ms/-/ms-0.6.2.tgz"
            }
          }
        }
      }
    },
    "koa-router": {
      "version": "3.2.3",
      "from": "koa-router@x.x",
      "resolved": "https://registry.npmjs.org/koa-router/-/koa-router-3.2.3.tgz",
      "dependencies": {
        "methods": {
          "version": "1.1.0",
          "from": "methods@^1.0.1"
        },
        "path-to-regexp": {
          "version": "0.2.3",
          "from": "path-to-regexp@^0.2.1"
        },
        "debug": {
          "version": "1.0.4",
          "from": "debug@^1.0.2",
          "resolved": "https://registry.npmjs.org/debug/-/debug-1.0.4.tgz",
          "dependencies": {
            "ms": {
              "version": "0.6.2",
              "from": "ms@0.6.2",
              "resolved": "https://registry.npmjs.org/ms/-/ms-0.6.2.tgz"
            }
          }
        },
        "koa-compose": {
          "version": "2.3.0",
          "from": "koa-compose@^2.3.0"
        }
      }
    },
    "koa-send": {
      "version": "1.2.4",
      "from": "koa-send@x.x",
      "resolved": "https://registry.npmjs.org/koa-send/-/koa-send-1.2.4.tgz",
      "dependencies": {
        "finished": {
          "version": "1.2.2",
          "from": "finished@~1.2.0",
          "dependencies": {
            "ee-first": {
              "version": "1.0.3",
              "from": "ee-first@1.0.3",
              "resolved": "https://registry.npmjs.org/ee-first/-/ee-first-1.0.3.tgz"
            }
          }
        },
        "debug": {
          "version": "1.0.4",
          "from": "debug@^1.0.2",
          "resolved": "https://registry.npmjs.org/debug/-/debug-1.0.4.tgz",
          "dependencies": {
            "ms": {
              "version": "0.6.2",
              "from": "ms@0.6.2",
              "resolved": "https://registry.npmjs.org/ms/-/ms-0.6.2.tgz"
            }
          }
        }
      }
    },
    "koa-session": {
      "version": "2.0.0",
      "from": "koa-session@x.x",
      "dependencies": {
        "debug": {
          "version": "1.0.4",
          "from": "debug@^1.0.2",
          "resolved": "https://registry.npmjs.org/debug/-/debug-1.0.4.tgz",
          "dependencies": {
            "ms": {
              "version": "0.6.2",
              "from": "ms@0.6.2",
              "resolved": "https://registry.npmjs.org/ms/-/ms-0.6.2.tgz"
            }
          }
        }
      }
    },
    "koa-static": {
      "version": "1.4.5",
      "from": "koa-static@x.x",
      "dependencies": {
        "debug": {
          "version": "1.0.4",
          "from": "debug@^1.0.2",
          "resolved": "https://registry.npmjs.org/debug/-/debug-1.0.4.tgz",
          "dependencies": {
            "ms": {
              "version": "0.6.2",
              "from": "ms@0.6.2",
              "resolved": "https://registry.npmjs.org/ms/-/ms-0.6.2.tgz"
            }
          }
        }
      }
    },
    "mysql": {
      "version": "2.4.1",
      "from": "mysql@x.x",
      "resolved": "https://registry.npmjs.org/mysql/-/mysql-2.4.1.tgz",
      "dependencies": {
        "bignumber.js": {
          "version": "1.4.0",
          "from": "bignumber.js@1.4.0",
          "resolved": "https://registry.npmjs.org/bignumber.js/-/bignumber.js-1.4.0.tgz"
        },
        "readable-stream": {
          "version": "1.1.13-1",
          "from": "readable-stream@~1.1.13",
          "dependencies": {
            "core-util-is": {
              "version": "1.0.1",
              "from": "core-util-is@~1.0.0"
            },
            "isarray": {
              "version": "0.0.1",
              "from": "isarray@0.0.1",
              "resolved": "https://registry.npmjs.org/isarray/-/isarray-0.0.1.tgz"
            },
            "string_decoder": {
              "version": "0.10.25-1",
              "from": "string_decoder@~0.10.x"
            },
            "inherits": {
              "version": "2.0.1",
              "from": "inherits@~2.0.1"
            }
          }
        },
        "require-all": {
          "version": "0.0.8",
          "from": "require-all@0.0.8",
          "resolved": "https://registry.npmjs.org/require-all/-/require-all-0.0.8.tgz"
        }
      }
    },
    "nodemailer": {
      "version": "1.0.4",
      "from": "nodemailer@x.x",
      "resolved": "https://registry.npmjs.org/nodemailer/-/nodemailer-1.0.4.tgz",
      "dependencies": {
        "buildmail": {
          "version": "0.1.11",
          "from": "buildmail@^0.1.11",
          "resolved": "https://registry.npmjs.org/buildmail/-/buildmail-0.1.11.tgz",
          "dependencies": {
            "addressparser": {
              "version": "0.3.1",
              "from": "addressparser@^0.3.1",
              "resolved": "https://registry.npmjs.org/addressparser/-/addressparser-0.3.1.tgz"
            },
            "hyperquest": {
              "version": "0.3.0",
              "from": "hyperquest@^0.3.0",
              "resolved": "https://registry.npmjs.org/hyperquest/-/hyperquest-0.3.0.tgz",
              "dependencies": {
                "through": {
                  "version": "2.2.7",
                  "from": "through@~2.2.0",
                  "resolved": "https://registry.npmjs.org/through/-/through-2.2.7.tgz"
                },
                "duplexer": {
                  "version": "0.1.1",
                  "from": "duplexer@~0.1.0",
                  "resolved": "https://registry.npmjs.org/duplexer/-/duplexer-0.1.1.tgz"
                }
              }
            },
            "libbase64": {
              "version": "0.1.0",
              "from": "libbase64@^0.1.0",
              "resolved": "https://registry.npmjs.org/libbase64/-/libbase64-0.1.0.tgz"
            },
            "libqp": {
              "version": "0.1.1",
              "from": "libqp@^0.1.1",
              "resolved": "https://registry.npmjs.org/libqp/-/libqp-0.1.1.tgz"
            }
          }
        },
        "libmime": {
          "version": "0.1.2",
          "from": "libmime@^0.1.2",
          "resolved": "https://registry.npmjs.org/libmime/-/libmime-0.1.2.tgz",
          "dependencies": {
            "iconv-lite": {
              "version": "0.4.4",
              "from": "iconv-lite@^0.4.0",
              "resolved": "https://registry.npmjs.org/iconv-lite/-/iconv-lite-0.4.4.tgz"
            },
            "libbase64": {
              "version": "0.1.0",
              "from": "libbase64@^0.1.0",
              "resolved": "https://registry.npmjs.org/libbase64/-/libbase64-0.1.0.tgz"
            },
            "libqp": {
              "version": "0.1.1",
              "from": "libqp@^0.1.1",
              "resolved": "https://registry.npmjs.org/libqp/-/libqp-0.1.1.tgz"
            }
          }
        },
        "nodemailer-direct-transport": {
          "version": "0.1.2",
          "from": "nodemailer-direct-transport@^0.1.1",
          "resolved": "https://registry.npmjs.org/nodemailer-direct-transport/-/nodemailer-direct-transport-0.1.2.tgz",
          "dependencies": {
            "smtp-connection": {
              "version": "0.1.7",
              "from": "smtp-connection@^0.1.5",
              "resolved": "https://registry.npmjs.org/smtp-connection/-/smtp-connection-0.1.7.tgz"
            }
          }
        },
        "nodemailer-smtp-transport": {
          "version": "0.1.12",
          "from": "nodemailer-smtp-transport@^0.1.11",
          "resolved": "https://registry.npmjs.org/nodemailer-smtp-transport/-/nodemailer-smtp-transport-0.1.12.tgz",
          "dependencies": {
            "nodemailer-wellknown": {
              "version": "0.1.2",
              "from": "nodemailer-wellknown@^0.1.1",
              "resolved": "https://registry.npmjs.org/nodemailer-wellknown/-/nodemailer-wellknown-0.1.2.tgz"
            },
            "smtp-connection": {
              "version": "0.1.7",
              "from": "smtp-connection@^0.1.5",
              "resolved": "https://registry.npmjs.org/smtp-connection/-/smtp-connection-0.1.7.tgz"
            }
          }
        }
      }
    },
    "request": {
      "version": "2.39.0",
      "from": "request@x.x",
      "resolved": "https://registry.npmjs.org/request/-/request-2.39.0.tgz",
      "dependencies": {
        "qs": {
          "version": "0.6.6",
          "from": "qs@~0.6.0"
        },
        "json-stringify-safe": {
          "version": "5.0.0",
          "from": "json-stringify-safe@~5.0.0"
        },
        "mime-types": {
          "version": "1.0.1",
          "from": "mime-types@~1.0.1"
        },
        "forever-agent": {
          "version": "0.5.2",
          "from": "forever-agent@~0.5.0"
        },
        "node-uuid": {
          "version": "1.4.1",
          "from": "node-uuid@~1.4.0"
        },
        "tough-cookie": {
          "version": "0.12.1",
          "from": "tough-cookie@>=0.12.0",
          "dependencies": {
            "punycode": {
              "version": "1.3.0",
              "from": "punycode@>=0.2.0"
            }
          }
        },
        "form-data": {
          "version": "0.1.4",
          "from": "form-data@~0.1.0",
          "dependencies": {
            "combined-stream": {
              "version": "0.0.5",
              "from": "combined-stream@~0.0.4",
              "dependencies": {
                "delayed-stream": {
                  "version": "0.0.5",
                  "from": "delayed-stream@0.0.5",
                  "resolved": "https://registry.npmjs.org/delayed-stream/-/delayed-stream-0.0.5.tgz"
                }
              }
            },
            "mime": {
              "version": "1.2.11",
              "from": "mime@~1.2.11"
            },
            "async": {
              "version": "0.9.0",
              "from": "async@~0.9.0"
            }
          }
        },
        "tunnel-agent": {
          "version": "0.4.0",
          "from": "tunnel-agent@~0.4.0"
        },
        "http-signature": {
          "version": "0.10.0",
          "from": "http-signature@~0.10.0",
          "dependencies": {
            "assert-plus": {
              "version": "0.1.2",
              "from": "assert-plus@0.1.2",
              "resolved": "https://registry.npmjs.org/assert-plus/-/assert-plus-0.1.2.tgz"
            },
            "asn1": {
              "version": "0.1.11",
              "from": "asn1@0.1.11",
              "resolved": "https://registry.npmjs.org/asn1/-/asn1-0.1.11.tgz"
            },
            "ctype": {
              "version": "0.5.2",
              "from": "ctype@0.5.2",
              "resolved": "https://registry.npmjs.org/ctype/-/ctype-0.5.2.tgz"
            }
          }
        },
        "oauth-sign": {
          "version": "0.3.0",
          "from": "oauth-sign@~0.3.0"
        },
        "hawk": {
          "version": "1.1.1",
          "from": "hawk@1.1.1",
          "resolved": "https://registry.npmjs.org/hawk/-/hawk-1.1.1.tgz",
          "dependencies": {
            "hoek": {
              "version": "0.9.1",
              "from": "hoek@0.9.x"
            },
            "boom": {
              "version": "0.4.2",
              "from": "boom@0.4.x"
            },
            "cryptiles": {
              "version": "0.2.2",
              "from": "cryptiles@0.2.x"
            },
            "sntp": {
              "version": "0.2.4",
              "from": "sntp@0.2.x"
            }
          }
        },
        "aws-sign2": {
          "version": "0.5.0",
          "from": "aws-sign2@~0.5.0"
        },
        "stringstream": {
          "version": "0.0.4",
          "from": "stringstream@~0.0.4",
          "resolved": "https://registry.npmjs.org/stringstream/-/stringstream-0.0.4.tgz"
        }
      }
    },
    "save-to": {
      "version": "1.0.3",
      "from": "save-to@x.x",
      "dependencies": {
        "bytes": {
          "version": "1.0.0",
          "from": "bytes@1"
        }
      }
    },
    "sequelize": {
      "version": "1.7.9",
      "from": "sequelize@x.x",
      "dependencies": {
        "commander": {
          "version": "2.1.0",
          "from": "commander@~2.1.0"
        },
        "lodash": {
          "version": "2.4.1",
          "from": "lodash@~2.4.0"
        },
        "underscore.string": {
          "version": "2.3.3",
          "from": "underscore.string@~2.3.0"
        },
        "lingo": {
          "version": "0.0.5",
          "from": "lingo@~0.0.5"
        },
        "validator": {
          "version": "3.2.1",
          "from": "validator@~3.2.0"
        },
        "moment": {
          "version": "2.5.1",
          "from": "moment@~2.5.0"
        },
        "dottie": {
          "version": "0.1.0",
          "from": "dottie@0.1.0",
          "resolved": "https://registry.npmjs.org/dottie/-/dottie-0.1.0.tgz"
        },
        "toposort-class": {
          "version": "0.3.1",
          "from": "toposort-class@~0.3.0"
        },
        "generic-pool": {
          "version": "2.0.4",
          "from": "generic-pool@2.0.4",
          "resolved": "https://registry.npmjs.org/generic-pool/-/generic-pool-2.0.4.tgz"
        },
        "sql": {
          "version": "0.35.0",
          "from": "sql@~0.35.0",
          "dependencies": {
            "sliced": {
              "version": "0.0.5",
              "from": "sliced@0.0.x"
            },
            "lodash": {
              "version": "1.3.1",
              "from": "lodash@1.3.x"
            }
          }
        },
        "circular-json": {
          "version": "0.1.6",
          "from": "circular-json@~0.1.5",
          "dependencies": {
            "wru": {
              "version": "0.2.7",
              "from": "wru@>= 0.0.0"
            }
          }
        },
        "bluebird": {
          "version": "1.0.8",
          "from": "bluebird@~1.0.0"
        },
        "node-uuid": {
          "version": "1.4.1",
          "from": "node-uuid@~1.4.1"
        }
      }
    },
    "socket.io": {
      "version": "1.0.6",
      "from": "socket.io@x.x",
      "dependencies": {
        "engine.io": {
          "version": "1.3.1",
          "from": "engine.io@1.3.1",
          "resolved": "https://registry.npmjs.org/engine.io/-/engine.io-1.3.1.tgz",
          "dependencies": {
            "debug": {
              "version": "0.6.0",
              "from": "debug@0.6.0",
              "resolved": "https://registry.npmjs.org/debug/-/debug-0.6.0.tgz"
            },
            "ws": {
              "version": "0.4.31",
              "from": "ws@0.4.31",
              "resolved": "https://registry.npmjs.org/ws/-/ws-0.4.31.tgz",
              "dependencies": {
                "commander": {
                  "version": "0.6.1",
                  "from": "commander@~0.6.1"
                },
                "nan": {
                  "version": "0.3.2",
                  "from": "nan@~0.3.0"
                },
                "tinycolor": {
                  "version": "0.0.1",
                  "from": "tinycolor@0.x"
                },
                "options": {
                  "version": "0.0.5",
                  "from": "options@>=0.0.5"
                }
              }
            },
            "engine.io-parser": {
              "version": "1.0.6",
              "from": "engine.io-parser@1.0.6",
              "resolved": "https://registry.npmjs.org/engine.io-parser/-/engine.io-parser-1.0.6.tgz",
              "dependencies": {
                "base64-arraybuffer": {
                  "version": "0.1.2",
                  "from": "base64-arraybuffer@0.1.2",
                  "resolved": "https://registry.npmjs.org/base64-arraybuffer/-/base64-arraybuffer-0.1.2.tgz"
                },
                "after": {
                  "version": "0.8.1",
                  "from": "after@0.8.1",
                  "resolved": "https://registry.npmjs.org/after/-/after-0.8.1.tgz"
                },
                "arraybuffer.slice": {
                  "version": "0.0.6",
                  "from": "arraybuffer.slice@0.0.6",
                  "resolved": "https://registry.npmjs.org/arraybuffer.slice/-/arraybuffer.slice-0.0.6.tgz"
                },
                "blob": {
                  "version": "0.0.2",
                  "from": "blob@0.0.2",
                  "resolved": "https://registry.npmjs.org/blob/-/blob-0.0.2.tgz"
                },
                "utf8": {
                  "version": "2.0.0",
                  "from": "utf8@2.0.0",
                  "resolved": "https://registry.npmjs.org/utf8/-/utf8-2.0.0.tgz"
                }
              }
            },
            "base64id": {
              "version": "0.1.0",
              "from": "base64id@0.1.0",
              "resolved": "https://registry.npmjs.org/base64id/-/base64id-0.1.0.tgz"
            }
          }
        },
        "socket.io-parser": {
          "version": "2.2.0",
          "from": "socket.io-parser@2.2.0",
          "resolved": "https://registry.npmjs.org/socket.io-parser/-/socket.io-parser-2.2.0.tgz",
          "dependencies": {
            "json3": {
              "version": "3.2.6",
              "from": "json3@3.2.6",
              "resolved": "https://registry.npmjs.org/json3/-/json3-3.2.6.tgz"
            },
            "emitter": {
              "version": "1.0.1",
              "from": "http://github.com/component/emitter/archive/1.0.1.tar.gz",
              "resolved": "http://github.com/component/emitter/archive/1.0.1.tar.gz",
              "dependencies": {
                "indexof": {
                  "version": "0.0.1",
                  "from": "indexof@0.0.1",
                  "resolved": "https://registry.npmjs.org/indexof/-/indexof-0.0.1.tgz"
                }
              }
            },
            "isarray": {
              "version": "0.0.1",
              "from": "isarray@0.0.1",
              "resolved": "https://registry.npmjs.org/isarray/-/isarray-0.0.1.tgz"
            }
          }
        },
        "socket.io-client": {
          "version": "1.0.6",
          "from": "socket.io-client@1.0.6",
          "resolved": "https://registry.npmjs.org/socket.io-client/-/socket.io-client-1.0.6.tgz",
          "dependencies": {
            "engine.io-client": {
              "version": "1.3.1",
              "from": "engine.io-client@1.3.1",
              "resolved": "https://registry.npmjs.org/engine.io-client/-/engine.io-client-1.3.1.tgz",
              "dependencies": {
                "has-cors": {
                  "version": "1.0.3",
                  "from": "has-cors@1.0.3",
                  "resolved": "https://registry.npmjs.org/has-cors/-/has-cors-1.0.3.tgz",
                  "dependencies": {
                    "global": {
                      "version": "2.0.1",
                      "from": "https://github.com/component/global/archive/v2.0.1.tar.gz",
                      "resolved": "https://github.com/component/global/archive/v2.0.1.tar.gz"
                    }
                  }
                },
                "ws": {
                  "version": "0.4.31",
                  "from": "ws@0.4.31",
                  "resolved": "https://registry.npmjs.org/ws/-/ws-0.4.31.tgz",
                  "dependencies": {
                    "commander": {
                      "version": "0.6.1",
                      "from": "commander@~0.6.1"
                    },
                    "nan": {
                      "version": "0.3.2",
                      "from": "nan@~0.3.0"
                    },
                    "tinycolor": {
                      "version": "0.0.1",
                      "from": "tinycolor@0.x"
                    },
                    "options": {
                      "version": "0.0.5",
                      "from": "options@>=0.0.5"
                    }
                  }
                },
                "xmlhttprequest": {
                  "version": "1.5.0",
                  "from": "https://github.com/LearnBoost/node-XMLHttpRequest/archive/0f36d0b5ebc03d85f860d42a64ae9791e1daa433.tar.gz",
                  "resolved": "https://github.com/LearnBoost/node-XMLHttpRequest/archive/0f36d0b5ebc03d85f860d42a64ae9791e1daa433.tar.gz"
                },
                "engine.io-parser": {
                  "version": "1.0.6",
                  "from": "engine.io-parser@1.0.6",
                  "resolved": "https://registry.npmjs.org/engine.io-parser/-/engine.io-parser-1.0.6.tgz",
                  "dependencies": {
                    "base64-arraybuffer": {
                      "version": "0.1.2",
                      "from": "base64-arraybuffer@0.1.2",
                      "resolved": "https://registry.npmjs.org/base64-arraybuffer/-/base64-arraybuffer-0.1.2.tgz"
                    },
                    "after": {
                      "version": "0.8.1",
                      "from": "after@0.8.1",
                      "resolved": "https://registry.npmjs.org/after/-/after-0.8.1.tgz"
                    },
                    "arraybuffer.slice": {
                      "version": "0.0.6",
                      "from": "arraybuffer.slice@0.0.6",
                      "resolved": "https://registry.npmjs.org/arraybuffer.slice/-/arraybuffer.slice-0.0.6.tgz"
                    },
                    "blob": {
                      "version": "0.0.2",
                      "from": "blob@0.0.2",
                      "resolved": "https://registry.npmjs.org/blob/-/blob-0.0.2.tgz"
                    },
                    "utf8": {
                      "version": "2.0.0",
                      "from": "utf8@2.0.0",
                      "resolved": "https://registry.npmjs.org/utf8/-/utf8-2.0.0.tgz"
                    }
                  }
                },
                "parsejson": {
                  "version": "0.0.1",
                  "from": "parsejson@0.0.1",
                  "resolved": "https://registry.npmjs.org/parsejson/-/parsejson-0.0.1.tgz",
                  "dependencies": {
                    "better-assert": {
                      "version": "1.0.1",
                      "from": "better-assert@~1.0.0",
                      "resolved": "https://registry.npmjs.org/better-assert/-/better-assert-1.0.1.tgz",
                      "dependencies": {
                        "callsite": {
                          "version": "1.0.0",
                          "from": "callsite@1.0.0",
                          "resolved": "https://registry.npmjs.org/callsite/-/callsite-1.0.0.tgz"
                        }
                      }
                    }
                  }
                },
                "parseqs": {
                  "version": "0.0.2",
                  "from": "parseqs@0.0.2",
                  "resolved": "https://registry.npmjs.org/parseqs/-/parseqs-0.0.2.tgz",
                  "dependencies": {
                    "better-assert": {
                      "version": "1.0.1",
                      "from": "better-assert@~1.0.0",
                      "resolved": "https://registry.npmjs.org/better-assert/-/better-assert-1.0.1.tgz",
                      "dependencies": {
                        "callsite": {
                          "version": "1.0.0",
                          "from": "callsite@1.0.0",
                          "resolved": "https://registry.npmjs.org/callsite/-/callsite-1.0.0.tgz"
                        }
                      }
                    }
                  }
                },
                "component-inherit": {
                  "version": "0.0.3",
                  "from": "component-inherit@0.0.3",
                  "resolved": "https://registry.npmjs.org/component-inherit/-/component-inherit-0.0.3.tgz"
                }
              }
            },
            "component-bind": {
              "version": "1.0.0",
              "from": "component-bind@1.0.0",
              "resolved": "https://registry.npmjs.org/component-bind/-/component-bind-1.0.0.tgz"
            },
            "component-emitter": {
              "version": "1.1.2",
              "from": "component-emitter@1.1.2",
              "resolved": "https://registry.npmjs.org/component-emitter/-/component-emitter-1.1.2.tgz"
            },
            "object-component": {
              "version": "0.0.3",
              "from": "object-component@0.0.3",
              "resolved": "https://registry.npmjs.org/object-component/-/object-component-0.0.3.tgz"
            },
            "indexof": {
              "version": "0.0.1",
              "from": "indexof@0.0.1",
              "resolved": "https://registry.npmjs.org/indexof/-/indexof-0.0.1.tgz"
            },
            "parseuri": {
              "version": "0.0.2",
              "from": "parseuri@0.0.2",
              "resolved": "https://registry.npmjs.org/parseuri/-/parseuri-0.0.2.tgz",
              "dependencies": {
                "better-assert": {
                  "version": "1.0.1",
                  "from": "better-assert@~1.0.0",
                  "resolved": "https://registry.npmjs.org/better-assert/-/better-assert-1.0.1.tgz",
                  "dependencies": {
                    "callsite": {
                      "version": "1.0.0",
                      "from": "callsite@1.0.0",
                      "resolved": "https://registry.npmjs.org/callsite/-/callsite-1.0.0.tgz"
                    }
                  }
                }
              }
            },
            "to-array": {
              "version": "0.1.3",
              "from": "to-array@0.1.3",
              "resolved": "https://registry.npmjs.org/to-array/-/to-array-0.1.3.tgz"
            }
          }
        },
        "socket.io-adapter": {
          "version": "0.2.0",
          "from": "socket.io-adapter@0.2.0",
          "resolved": "https://registry.npmjs.org/socket.io-adapter/-/socket.io-adapter-0.2.0.tgz",
          "dependencies": {
            "socket.io-parser": {
              "version": "2.1.2",
              "from": "socket.io-parser@2.1.2",
              "resolved": "https://registry.npmjs.org/socket.io-parser/-/socket.io-parser-2.1.2.tgz",
              "dependencies": {
                "json3": {
                  "version": "3.2.6",
                  "from": "json3@3.2.6",
                  "resolved": "https://registry.npmjs.org/json3/-/json3-3.2.6.tgz"
                },
                "emitter": {
                  "version": "1.0.1",
                  "from": "http://github.com/component/emitter/archive/1.0.1.tar.gz",
                  "resolved": "http://github.com/component/emitter/archive/1.0.1.tar.gz",
                  "dependencies": {
                    "indexof": {
                      "version": "0.0.1",
                      "from": "indexof@0.0.1",
                      "resolved": "https://registry.npmjs.org/indexof/-/indexof-0.0.1.tgz"
                    }
                  }
                },
                "isarray": {
                  "version": "0.0.1",
                  "from": "isarray@0.0.1",
                  "resolved": "https://registry.npmjs.org/isarray/-/isarray-0.0.1.tgz"
                }
              }
            }
          }
        },
        "has-binary-data": {
          "version": "0.1.1",
          "from": "has-binary-data@0.1.1",
          "resolved": "https://registry.npmjs.org/has-binary-data/-/has-binary-data-0.1.1.tgz",
          "dependencies": {
            "isarray": {
              "version": "0.0.1",
              "from": "isarray@0.0.1",
              "resolved": "https://registry.npmjs.org/isarray/-/isarray-0.0.1.tgz"
            }
          }
        },
        "debug": {
          "version": "0.7.4",
          "from": "debug@0.7.4",
          "resolved": "https://registry.npmjs.org/debug/-/debug-0.7.4.tgz"
        }
      }
    },
    "stripe": {
      "version": "2.7.4",
      "from": "stripe@x.x",
      "resolved": "https://registry.npmjs.org/stripe/-/stripe-2.7.4.tgz",
      "dependencies": {
        "when": {
          "version": "3.1.0",
          "from": "when@~3.1.0"
        }
      }
    },
    "swig": {
      "version": "1.4.1",
      "from": "swig@x.x",
      "dependencies": {
        "uglify-js": {
          "version": "2.4.15",
          "from": "uglify-js@~2.4",
          "resolved": "https://registry.npmjs.org/uglify-js/-/uglify-js-2.4.15.tgz",
          "dependencies": {
            "async": {
              "version": "0.2.10",
              "from": "async@~0.2.6"
            },
            "source-map": {
              "version": "0.1.34",
              "from": "source-map@0.1.34",
              "resolved": "https://registry.npmjs.org/source-map/-/source-map-0.1.34.tgz",
              "dependencies": {
                "amdefine": {
                  "version": "0.1.0",
                  "from": "amdefine@>=0.0.4"
                }
              }
            },
            "optimist": {
              "version": "0.3.7",
              "from": "optimist@~0.3.5",
              "dependencies": {
                "wordwrap": {
                  "version": "0.0.2",
                  "from": "wordwrap@~0.0.2"
                }
              }
            },
            "uglify-to-browserify": {
              "version": "1.0.2",
              "from": "uglify-to-browserify@~1.0.0"
            }
          }
        },
        "optimist": {
          "version": "0.6.1",
          "from": "optimist@~0.6",
          "dependencies": {
            "wordwrap": {
              "version": "0.0.2",
              "from": "wordwrap@~0.0.2"
            },
            "minimist": {
              "version": "0.0.10",
              "from": "minimist@~0.0.1"
            }
          }
        }
      }
    },
    "thunkify": {
      "version": "2.1.2",
      "from": "thunkify@x.x"
    },
    "underscore": {
      "version": "1.6.0",
      "from": "underscore@x.x"
    }
  }
}
